{
  "name": "peerjs-samples",
  "version": "1.0.0",
  "lockfileVersion": 1,
  "requires": true,
  "dependencies": {
    "async-limiter": {
      "version": "1.0.1",
      "resolved": "https://registry.npm.taobao.org/async-limiter/download/async-limiter-1.0.1.tgz"
    },
    "ws": {
      "version": "7.2.0",
      "resolved": "http://r.cnpmjs.org/ws/download/ws-7.2.0.tgz",
      "integrity": "sha1-Qi7ajAKktdundEumbuu9hLzvDsc=",
      "requires": {
        "async-limiter": "^1.0.0"
      }
    }
  }
}
